{
  "lockfile_version": "1",
  "packages": {
    "github:NixOS/nixpkgs/nixpkgs-unstable": {
      "last_modified": "2026-09-17T08:15:29Z",
      "resolved": "github:NixOS/nixpkgs/a32edd7654519351e48e80372a928df336394670?lastModified=1789632929&narHash=sha256-RjR8AyvGlWuw16XRj7C1YDEw4E27ciuyPeB2nDMzgTU%3D"
    }
  }
}
